// !$*UTF8*$!
{
	archiveVersion = 1;
	classes = {
	};
	objectVersion = 46;
	objects = {

/* Begin PBXBuildFile section */
		057A9CA8AEFECF09C6E75F8A /* Pods_TopisTests.framework in Frameworks */ = {isa = PBXBuildFile; fileRef = 8BDED02ADF71FDC06EF7CC37 /* Pods_TopisTests.framework */; };
		B90280F91EC2FB3B0097E80B /* comment.png in Resources */ = {isa = PBXBuildFile; fileRef = B90280F41EC2FB3B0097E80B /* comment.png */; };
		B90280FA1EC2FB3B0097E80B /* dislike-checked.png in Resources */ = {isa = PBXBuildFile; fileRef = B90280F51EC2FB3B0097E80B /* dislike-checked.png */; };
		B90280FB1EC2FB3B0097E80B /* dislike.png in Resources */ = {isa = PBXBuildFile; fileRef = B90280F61EC2FB3B0097E80B /* dislike.png */; };
		B90280FC1EC2FB3B0097E80B /* like-checked.png in Resources */ = {isa = PBXBuildFile; fileRef = B90280F71EC2FB3B0097E80B /* like-checked.png */; };
		B90280FD1EC2FB3B0097E80B /* like.png in Resources */ = {isa = PBXBuildFile; fileRef = B90280F81EC2FB3B0097E80B /* like.png */; };
		B90280FF1EC306270097E80B /* avatar.jpg in Resources */ = {isa = PBXBuildFile; fileRef = B90280FE1EC306270097E80B /* avatar.jpg */; };
		B92550391EC5AF0E0059A57A /* ExploreVC.swift in Sources */ = {isa = PBXBuildFile; fileRef = B92550371EC5AF0E0059A57A /* ExploreVC.swift */; };
		B925503A1EC5AF0E0059A57A /* ExploreVC.xib in Resources */ = {isa = PBXBuildFile; fileRef = B92550381EC5AF0E0059A57A /* ExploreVC.xib */; };
		B925503D1EC5AF1B0059A57A /* DetailsVC.swift in Sources */ = {isa = PBXBuildFile; fileRef = B925503B1EC5AF1B0059A57A /* DetailsVC.swift */; };
		B925503E1EC5AF1B0059A57A /* DetailsVC.xib in Resources */ = {isa = PBXBuildFile; fileRef = B925503C1EC5AF1B0059A57A /* DetailsVC.xib */; };
		B92550401EC5B1140059A57A /* explore.png in Resources */ = {isa = PBXBuildFile; fileRef = B925503F1EC5B1140059A57A /* explore.png */; };
		B92550441EC5BA7F0059A57A /* back.png in Resources */ = {isa = PBXBuildFile; fileRef = B92550431EC5BA7F0059A57A /* back.png */; };
		B92550461EC5C51A0059A57A /* DetailsView.swift in Sources */ = {isa = PBXBuildFile; fileRef = B92550451EC5C51A0059A57A /* DetailsView.swift */; };
		B92550481EC5C5250059A57A /* DetailsView.xib in Resources */ = {isa = PBXBuildFile; fileRef = B92550471EC5C5250059A57A /* DetailsView.xib */; };
		B964F2121EC2C51400431FE6 /* TopicCell.swift in Sources */ = {isa = PBXBuildFile; fileRef = B964F2101EC2C51400431FE6 /* TopicCell.swift */; };
		B964F2131EC2C51400431FE6 /* TopicCell.xib in Resources */ = {isa = PBXBuildFile; fileRef = B964F2111EC2C51400431FE6 /* TopicCell.xib */; };
		B987D0EB1EC1C47C003BFD23 /* Utils.swift in Sources */ = {isa = PBXBuildFile; fileRef = B987D0EA1EC1C47C003BFD23 /* Utils.swift */; };
		B987D0EF1EC1C4DF003BFD23 /* Extensions.swift in Sources */ = {isa = PBXBuildFile; fileRef = B987D0EE1EC1C4DF003BFD23 /* Extensions.swift */; };
		B987D0F11EC1C553003BFD23 /* Constants.swift in Sources */ = {isa = PBXBuildFile; fileRef = B987D0F01EC1C553003BFD23 /* Constants.swift */; };
		B987D0F31EC1C572003BFD23 /* GothamFontName.swift in Sources */ = {isa = PBXBuildFile; fileRef = B987D0F21EC1C572003BFD23 /* GothamFontName.swift */; };
		B98B9DBC1EC17A6000C8DF53 /* AppDelegate.swift in Sources */ = {isa = PBXBuildFile; fileRef = B98B9DBB1EC17A6000C8DF53 /* AppDelegate.swift */; };
		B98B9DC11EC17A6000C8DF53 /* Main.storyboard in Resources */ = {isa = PBXBuildFile; fileRef = B98B9DBF1EC17A6000C8DF53 /* Main.storyboard */; };
		B98B9DC31EC17A6000C8DF53 /* Assets.xcassets in Resources */ = {isa = PBXBuildFile; fileRef = B98B9DC21EC17A6000C8DF53 /* Assets.xcassets */; };
		B98B9DC61EC17A6000C8DF53 /* LaunchScreen.storyboard in Resources */ = {isa = PBXBuildFile; fileRef = B98B9DC41EC17A6000C8DF53 /* LaunchScreen.storyboard */; };
		B98B9DD11EC17A6100C8DF53 /* TopisTests.swift in Sources */ = {isa = PBXBuildFile; fileRef = B98B9DD01EC17A6100C8DF53 /* TopisTests.swift */; };
		B98B9DDC1EC17A6100C8DF53 /* TopisUITests.swift in Sources */ = {isa = PBXBuildFile; fileRef = B98B9DDB1EC17A6100C8DF53 /* TopisUITests.swift */; };
		B98B9DEF1EC17F5300C8DF53 /* TabBarController.swift in Sources */ = {isa = PBXBuildFile; fileRef = B98B9DEE1EC17F5300C8DF53 /* TabBarController.swift */; };
		B98B9E061EC183AA00C8DF53 /* Gotham-Black.otf in Resources */ = {isa = PBXBuildFile; fileRef = B98B9DF51EC183AA00C8DF53 /* Gotham-Black.otf */; };
		B98B9E071EC183AA00C8DF53 /* Gotham-BlackIta.otf in Resources */ = {isa = PBXBuildFile; fileRef = B98B9DF61EC183AA00C8DF53 /* Gotham-BlackIta.otf */; };
		B98B9E081EC183AA00C8DF53 /* Gotham-Bold.otf in Resources */ = {isa = PBXBuildFile; fileRef = B98B9DF71EC183AA00C8DF53 /* Gotham-Bold.otf */; };
		B98B9E091EC183AA00C8DF53 /* Gotham-BoldIta.otf in Resources */ = {isa = PBXBuildFile; fileRef = B98B9DF81EC183AA00C8DF53 /* Gotham-BoldIta.otf */; };
		B98B9E0A1EC183AA00C8DF53 /* Gotham-Book.otf in Resources */ = {isa = PBXBuildFile; fileRef = B98B9DF91EC183AA00C8DF53 /* Gotham-Book.otf */; };
		B98B9E0B1EC183AA00C8DF53 /* Gotham-BookIta.otf in Resources */ = {isa = PBXBuildFile; fileRef = B98B9DFA1EC183AA00C8DF53 /* Gotham-BookIta.otf */; };
		B98B9E0C1EC183AA00C8DF53 /* Gotham-Light.otf in Resources */ = {isa = PBXBuildFile; fileRef = B98B9DFB1EC183AA00C8DF53 /* Gotham-Light.otf */; };
		B98B9E0D1EC183AA00C8DF53 /* Gotham-LightIta.otf in Resources */ = {isa = PBXBuildFile; fileRef = B98B9DFC1EC183AA00C8DF53 /* Gotham-LightIta.otf */; };
		B98B9E0E1EC183AA00C8DF53 /* Gotham-Medium.otf in Resources */ = {isa = PBXBuildFile; fileRef = B98B9DFD1EC183AA00C8DF53 /* Gotham-Medium.otf */; };
		B98B9E0F1EC183AA00C8DF53 /* Gotham-MediumIta.otf in Resources */ = {isa = PBXBuildFile; fileRef = B98B9DFE1EC183AA00C8DF53 /* Gotham-MediumIta.otf */; };
		B98B9E101EC183AA00C8DF53 /* Gotham-Thin.otf in Resources */ = {isa = PBXBuildFile; fileRef = B98B9DFF1EC183AA00C8DF53 /* Gotham-Thin.otf */; };
		B98B9E111EC183AA00C8DF53 /* Gotham-ThinIta.otf in Resources */ = {isa = PBXBuildFile; fileRef = B98B9E001EC183AA00C8DF53 /* Gotham-ThinIta.otf */; };
		B98B9E121EC183AA00C8DF53 /* Gotham-Ultra.otf in Resources */ = {isa = PBXBuildFile; fileRef = B98B9E011EC183AA00C8DF53 /* Gotham-Ultra.otf */; };
		B98B9E131EC183AA00C8DF53 /* Gotham-UltraIta.otf in Resources */ = {isa = PBXBuildFile; fileRef = B98B9E021EC183AA00C8DF53 /* Gotham-UltraIta.otf */; };
		B98B9E141EC183AA00C8DF53 /* Gotham-XLight.otf in Resources */ = {isa = PBXBuildFile; fileRef = B98B9E031EC183AA00C8DF53 /* Gotham-XLight.otf */; };
		B98B9E151EC183AA00C8DF53 /* Gotham-XLightIta.otf in Resources */ = {isa = PBXBuildFile; fileRef = B98B9E041EC183AA00C8DF53 /* Gotham-XLightIta.otf */; };
		B98B9E161EC183AA00C8DF53 /* JetExplorer.ttf in Resources */ = {isa = PBXBuildFile; fileRef = B98B9E051EC183AA00C8DF53 /* JetExplorer.ttf */; };
		B99AC5F31EC1D12E00661294 /* home.png in Resources */ = {isa = PBXBuildFile; fileRef = B99AC5F21EC1D12E00661294 /* home.png */; };
		B99AC5F51EC1D23100661294 /* home_selected.png in Resources */ = {isa = PBXBuildFile; fileRef = B99AC5F41EC1D23100661294 /* home_selected.png */; };
		B99AC5FC1EC1D4AA00661294 /* HomeVC.swift in Sources */ = {isa = PBXBuildFile; fileRef = B99AC5FA1EC1D4AA00661294 /* HomeVC.swift */; };
		B99AC5FD1EC1D4AA00661294 /* HomeVC.xib in Resources */ = {isa = PBXBuildFile; fileRef = B99AC5FB1EC1D4AA00661294 /* HomeVC.xib */; };
		B99AC6011EC1D4CE00661294 /* NewTopicVC.swift in Sources */ = {isa = PBXBuildFile; fileRef = B99AC5FF1EC1D4CE00661294 /* NewTopicVC.swift */; };
		B99AC6021EC1D4CE00661294 /* NewTopicVC.xib in Resources */ = {isa = PBXBuildFile; fileRef = B99AC6001EC1D4CE00661294 /* NewTopicVC.xib */; };
		B9A49D271EC423E6008091A7 /* User.swift in Sources */ = {isa = PBXBuildFile; fileRef = B9A49D261EC423E6008091A7 /* User.swift */; };
		B9A49D291EC423F7008091A7 /* Topic.swift in Sources */ = {isa = PBXBuildFile; fileRef = B9A49D281EC423F7008091A7 /* Topic.swift */; };
		B9A49D2B1EC42403008091A7 /* Comment.swift in Sources */ = {isa = PBXBuildFile; fileRef = B9A49D2A1EC42403008091A7 /* Comment.swift */; };
		B9AD517A1EC44763000FE602 /* DateTransform.swift in Sources */ = {isa = PBXBuildFile; fileRef = B9AD51791EC44763000FE602 /* DateTransform.swift */; };
		B9AD517E1EC457A4000FE602 /* avatar2.jpg in Resources */ = {isa = PBXBuildFile; fileRef = B9AD517D1EC457A4000FE602 /* avatar2.jpg */; };
		B9AD51801EC4583C000FE602 /* TopicList.swift in Sources */ = {isa = PBXBuildFile; fileRef = B9AD517F1EC4583C000FE602 /* TopicList.swift */; };
		B9AD51821EC4591C000FE602 /* DataManager.swift in Sources */ = {isa = PBXBuildFile; fileRef = B9AD51811EC4591C000FE602 /* DataManager.swift */; };
		B9B2C1DB1EC5629E00ED4877 /* BaseViewController.swift in Sources */ = {isa = PBXBuildFile; fileRef = B9B2C1DA1EC5629E00ED4877 /* BaseViewController.swift */; };
		B9B2C1DE1EC56B6000ED4877 /* fakeJson.txt in Resources */ = {isa = PBXBuildFile; fileRef = B9B2C1DD1EC56B6000ED4877 /* fakeJson.txt */; };
		B9B2C1E01EC56B9400ED4877 /* fakeUser.txt in Resources */ = {isa = PBXBuildFile; fileRef = B9B2C1DF1EC56B9400ED4877 /* fakeUser.txt */; };
		B9B51CAB1EC223B4001AED2B /* add_selected.png in Resources */ = {isa = PBXBuildFile; fileRef = B9B51CA91EC223B4001AED2B /* add_selected.png */; };
		B9B51CAC1EC223B4001AED2B /* add.png in Resources */ = {isa = PBXBuildFile; fileRef = B9B51CAA1EC223B4001AED2B /* add.png */; };
		B9B51CB01EC22A48001AED2B /* search.png in Resources */ = {isa = PBXBuildFile; fileRef = B9B51CAF1EC22A48001AED2B /* search.png */; };
		B9EEA8C51EC616A900631BFB /* CommentCell.swift in Sources */ = {isa = PBXBuildFile; fileRef = B9EEA8C31EC616A900631BFB /* CommentCell.swift */; };
		B9EEA8C61EC616A900631BFB /* CommentCell.xib in Resources */ = {isa = PBXBuildFile; fileRef = B9EEA8C41EC616A900631BFB /* CommentCell.xib */; };
		EDFBB6876D2136B8D132CEEC /* Pods_Topis.framework in Frameworks */ = {isa = PBXBuildFile; fileRef = 81DF01E652F841E4527E5B92 /* Pods_Topis.framework */; };
		F7C1737FB15AD9F7BF505478 /* Pods_TopisUITests.framework in Frameworks */ = {isa = PBXBuildFile; fileRef = 72C526F0B26DB0F1E0A3FB62 /* Pods_TopisUITests.framework */; };
/* End PBXBuildFile section */

/* Begin PBXContainerItemProxy section */
		B98B9DCD1EC17A6100C8DF53 /* PBXContainerItemProxy */ = {
			isa = PBXContainerItemProxy;
			containerPortal = B98B9DB01EC17A6000C8DF53 /* Project object */;
			proxyType = 1;
			remoteGlobalIDString = B98B9DB71EC17A6000C8DF53;
			remoteInfo = Topis;
		};
		B98B9DD81EC17A6100C8DF53 /* PBXContainerItemProxy */ = {
			isa = PBXContainerItemProxy;
			containerPortal = B98B9DB01EC17A6000C8DF53 /* Project object */;
			proxyType = 1;
			remoteGlobalIDString = B98B9DB71EC17A6000C8DF53;
			remoteInfo = Topis;
		};
/* End PBXContainerItemProxy section */

/* Begin PBXFileReference section */
		0D43899CB0CEF8029C38B263 /* Pods-TopisTests.debug.xcconfig */ = {isa = PBXFileReference; includeInIndex = 1; lastKnownFileType = text.xcconfig; name = "Pods-TopisTests.debug.xcconfig"; path = "Pods/Target Support Files/Pods-TopisTests/Pods-TopisTests.debug.xcconfig"; sourceTree = "<group>"; };
		10267D1A9B30AFDA5F6CF946 /* Pods-Topis.debug.xcconfig */ = {isa = PBXFileReference; includeInIndex = 1; lastKnownFileType = text.xcconfig; name = "Pods-Topis.debug.xcconfig"; path = "Pods/Target Support Files/Pods-Topis/Pods-Topis.debug.xcconfig"; sourceTree = "<group>"; };
		2A87A74EF17B909A13206CA4 /* Pods-TopisUITests.release.xcconfig */ = {isa = PBXFileReference; includeInIndex = 1; lastKnownFileType = text.xcconfig; name = "Pods-TopisUITests.release.xcconfig"; path = "Pods/Target Support Files/Pods-TopisUITests/Pods-TopisUITests.release.xcconfig"; sourceTree = "<group>"; };
		5B76E67032E7E8541C7CFAB9 /* Pods-TopisUITests.debug.xcconfig */ = {isa = PBXFileReference; includeInIndex = 1; lastKnownFileType = text.xcconfig; name = "Pods-TopisUITests.debug.xcconfig"; path = "Pods/Target Support Files/Pods-TopisUITests/Pods-TopisUITests.debug.xcconfig"; sourceTree = "<group>"; };
		72C526F0B26DB0F1E0A3FB62 /* Pods_TopisUITests.framework */ = {isa = PBXFileReference; explicitFileType = wrapper.framework; includeInIndex = 0; path = Pods_TopisUITests.framework; sourceTree = BUILT_PRODUCTS_DIR; };
		81DF01E652F841E4527E5B92 /* Pods_Topis.framework */ = {isa = PBXFileReference; explicitFileType = wrapper.framework; includeInIndex = 0; path = Pods_Topis.framework; sourceTree = BUILT_PRODUCTS_DIR; };
		8BDED02ADF71FDC06EF7CC37 /* Pods_TopisTests.framework */ = {isa = PBXFileReference; explicitFileType = wrapper.framework; includeInIndex = 0; path = Pods_TopisTests.framework; sourceTree = BUILT_PRODUCTS_DIR; };
		B90280F41EC2FB3B0097E80B /* comment.png */ = {isa = PBXFileReference; lastKnownFileType = image.png; path = comment.png; sourceTree = "<group>"; };
		B90280F51EC2FB3B0097E80B /* dislike-checked.png */ = {isa = PBXFileReference; lastKnownFileType = image.png; path = "dislike-checked.png"; sourceTree = "<group>"; };
		B90280F61EC2FB3B0097E80B /* dislike.png */ = {isa = PBXFileReference; lastKnownFileType = image.png; path = dislike.png; sourceTree = "<group>"; };
		B90280F71EC2FB3B0097E80B /* like-checked.png */ = {isa = PBXFileReference; lastKnownFileType = image.png; path = "like-checked.png"; sourceTree = "<group>"; };
		B90280F81EC2FB3B0097E80B /* like.png */ = {isa = PBXFileReference; lastKnownFileType = image.png; path = like.png; sourceTree = "<group>"; };
		B90280FE1EC306270097E80B /* avatar.jpg */ = {isa = PBXFileReference; lastKnownFileType = image.jpeg; path = avatar.jpg; sourceTree = "<group>"; };
		B92550371EC5AF0E0059A57A /* ExploreVC.swift */ = {isa = PBXFileReference; fileEncoding = 4; lastKnownFileType = sourcecode.swift; path = ExploreVC.swift; sourceTree = "<group>"; };
		B92550381EC5AF0E0059A57A /* ExploreVC.xib */ = {isa = PBXFileReference; fileEncoding = 4; lastKnownFileType = file.xib; path = ExploreVC.xib; sourceTree = "<group>"; };
		B925503B1EC5AF1B0059A57A /* DetailsVC.swift */ = {isa = PBXFileReference; fileEncoding = 4; lastKnownFileType = sourcecode.swift; path = DetailsVC.swift; sourceTree = "<group>"; };
		B925503C1EC5AF1B0059A57A /* DetailsVC.xib */ = {isa = PBXFileReference; fileEncoding = 4; lastKnownFileType = file.xib; path = DetailsVC.xib; sourceTree = "<group>"; };
		B925503F1EC5B1140059A57A /* explore.png */ = {isa = PBXFileReference; lastKnownFileType = image.png; path = explore.png; sourceTree = "<group>"; };
		B92550431EC5BA7F0059A57A /* back.png */ = {isa = PBXFileReference; lastKnownFileType = image.png; path = back.png; sourceTree = "<group>"; };
		B92550451EC5C51A0059A57A /* DetailsView.swift */ = {isa = PBXFileReference; fileEncoding = 4; lastKnownFileType = sourcecode.swift; path = DetailsView.swift; sourceTree = "<group>"; };
		B92550471EC5C5250059A57A /* DetailsView.xib */ = {isa = PBXFileReference; fileEncoding = 4; lastKnownFileType = file.xib; path = DetailsView.xib; sourceTree = "<group>"; };
		B964F2101EC2C51400431FE6 /* TopicCell.swift */ = {isa = PBXFileReference; fileEncoding = 4; lastKnownFileType = sourcecode.swift; path = TopicCell.swift; sourceTree = "<group>"; };
		B964F2111EC2C51400431FE6 /* TopicCell.xib */ = {isa = PBXFileReference; fileEncoding = 4; lastKnownFileType = file.xib; path = TopicCell.xib; sourceTree = "<group>"; };
		B987D0EA1EC1C47C003BFD23 /* Utils.swift */ = {isa = PBXFileReference; fileEncoding = 4; lastKnownFileType = sourcecode.swift; path = Utils.swift; sourceTree = "<group>"; };
		B987D0EE1EC1C4DF003BFD23 /* Extensions.swift */ = {isa = PBXFileReference; fileEncoding = 4; lastKnownFileType = sourcecode.swift; path = Extensions.swift; sourceTree = "<group>"; };
		B987D0F01EC1C553003BFD23 /* Constants.swift */ = {isa = PBXFileReference; fileEncoding = 4; lastKnownFileType = sourcecode.swift; path = Constants.swift; sourceTree = "<group>"; };
		B987D0F21EC1C572003BFD23 /* GothamFontName.swift */ = {isa = PBXFileReference; fileEncoding = 4; lastKnownFileType = sourcecode.swift; path = GothamFontName.swift; sourceTree = "<group>"; };
		B98B9DB81EC17A6000C8DF53 /* Topis.app */ = {isa = PBXFileReference; explicitFileType = wrapper.application; includeInIndex = 0; path = Topis.app; sourceTree = BUILT_PRODUCTS_DIR; };
		B98B9DBB1EC17A6000C8DF53 /* AppDelegate.swift */ = {isa = PBXFileReference; lastKnownFileType = sourcecode.swift; path = AppDelegate.swift; sourceTree = "<group>"; };
		B98B9DC01EC17A6000C8DF53 /* Base */ = {isa = PBXFileReference; lastKnownFileType = file.storyboard; name = Base; path = Base.lproj/Main.storyboard; sourceTree = "<group>"; };
		B98B9DC21EC17A6000C8DF53 /* Assets.xcassets */ = {isa = PBXFileReference; lastKnownFileType = folder.assetcatalog; path = Assets.xcassets; sourceTree = "<group>"; };
		B98B9DC51EC17A6000C8DF53 /* Base */ = {isa = PBXFileReference; lastKnownFileType = file.storyboard; name = Base; path = Base.lproj/LaunchScreen.storyboard; sourceTree = "<group>"; };
		B98B9DC71EC17A6000C8DF53 /* Info.plist */ = {isa = PBXFileReference; lastKnownFileType = text.plist.xml; path = Info.plist; sourceTree = "<group>"; };
		B98B9DCC1EC17A6100C8DF53 /* TopisTests.xctest */ = {isa = PBXFileReference; explicitFileType = wrapper.cfbundle; includeInIndex = 0; path = TopisTests.xctest; sourceTree = BUILT_PRODUCTS_DIR; };
		B98B9DD01EC17A6100C8DF53 /* TopisTests.swift */ = {isa = PBXFileReference; lastKnownFileType = sourcecode.swift; path = TopisTests.swift; sourceTree = "<group>"; };
		B98B9DD21EC17A6100C8DF53 /* Info.plist */ = {isa = PBXFileReference; lastKnownFileType = text.plist.xml; path = Info.plist; sourceTree = "<group>"; };
		B98B9DD71EC17A6100C8DF53 /* TopisUITests.xctest */ = {isa = PBXFileReference; explicitFileType = wrapper.cfbundle; includeInIndex = 0; path = TopisUITests.xctest; sourceTree = BUILT_PRODUCTS_DIR; };
		B98B9DDB1EC17A6100C8DF53 /* TopisUITests.swift */ = {isa = PBXFileReference; lastKnownFileType = sourcecode.swift; path = TopisUITests.swift; sourceTree = "<group>"; };
		B98B9DDD1EC17A6100C8DF53 /* Info.plist */ = {isa = PBXFileReference; lastKnownFileType = text.plist.xml; path = Info.plist; sourceTree = "<group>"; };
		B98B9DEE1EC17F5300C8DF53 /* TabBarController.swift */ = {isa = PBXFileReference; fileEncoding = 4; lastKnownFileType = sourcecode.swift; path = TabBarController.swift; sourceTree = "<group>"; };
		B98B9DF51EC183AA00C8DF53 /* Gotham-Black.otf */ = {isa = PBXFileReference; lastKnownFileType = file; path = "Gotham-Black.otf"; sourceTree = "<group>"; };
		B98B9DF61EC183AA00C8DF53 /* Gotham-BlackIta.otf */ = {isa = PBXFileReference; lastKnownFileType = file; path = "Gotham-BlackIta.otf"; sourceTree = "<group>"; };
		B98B9DF71EC183AA00C8DF53 /* Gotham-Bold.otf */ = {isa = PBXFileReference; lastKnownFileType = file; path = "Gotham-Bold.otf"; sourceTree = "<group>"; };
		B98B9DF81EC183AA00C8DF53 /* Gotham-BoldIta.otf */ = {isa = PBXFileReference; lastKnownFileType = file; path = "Gotham-BoldIta.otf"; sourceTree = "<group>"; };
		B98B9DF91EC183AA00C8DF53 /* Gotham-Book.otf */ = {isa = PBXFileReference; lastKnownFileType = file; path = "Gotham-Book.otf"; sourceTree = "<group>"; };
		B98B9DFA1EC183AA00C8DF53 /* Gotham-BookIta.otf */ = {isa = PBXFileReference; lastKnownFileType = file; path = "Gotham-BookIta.otf"; sourceTree = "<group>"; };
		B98B9DFB1EC183AA00C8DF53 /* Gotham-Light.otf */ = {isa = PBXFileReference; lastKnownFileType = file; path = "Gotham-Light.otf"; sourceTree = "<group>"; };
		B98B9DFC1EC183AA00C8DF53 /* Gotham-LightIta.otf */ = {isa = PBXFileReference; lastKnownFileType = file; path = "Gotham-LightIta.otf"; sourceTree = "<group>"; };
		B98B9DFD1EC183AA00C8DF53 /* Gotham-Medium.otf */ = {isa = PBXFileReference; lastKnownFileType = file; path = "Gotham-Medium.otf"; sourceTree = "<group>"; };
		B98B9DFE1EC183AA00C8DF53 /* Gotham-MediumIta.otf */ = {isa = PBXFileReference; lastKnownFileType = file; path = "Gotham-MediumIta.otf"; sourceTree = "<group>"; };
		B98B9DFF1EC183AA00C8DF53 /* Gotham-Thin.otf */ = {isa = PBXFileReference; lastKnownFileType = file; path = "Gotham-Thin.otf"; sourceTree = "<group>"; };
		B98B9E001EC183AA00C8DF53 /* Gotham-ThinIta.otf */ = {isa = PBXFileReference; lastKnownFileType = file; path = "Gotham-ThinIta.otf"; sourceTree = "<group>"; };
		B98B9E011EC183AA00C8DF53 /* Gotham-Ultra.otf */ = {isa = PBXFileReference; lastKnownFileType = file; path = "Gotham-Ultra.otf"; sourceTree = "<group>"; };
		B98B9E021EC183AA00C8DF53 /* Gotham-UltraIta.otf */ = {isa = PBXFileReference; lastKnownFileType = file; path = "Gotham-UltraIta.otf"; sourceTree = "<group>"; };
		B98B9E031EC183AA00C8DF53 /* Gotham-XLight.otf */ = {isa = PBXFileReference; lastKnownFileType = file; path = "Gotham-XLight.otf"; sourceTree = "<group>"; };
		B98B9E041EC183AA00C8DF53 /* Gotham-XLightIta.otf */ = {isa = PBXFileReference; lastKnownFileType = file; path = "Gotham-XLightIta.otf"; sourceTree = "<group>"; };
		B98B9E051EC183AA00C8DF53 /* JetExplorer.ttf */ = {isa = PBXFileReference; lastKnownFileType = file; path = JetExplorer.ttf; sourceTree = "<group>"; };
		B99AC5F21EC1D12E00661294 /* home.png */ = {isa = PBXFileReference; lastKnownFileType = image.png; path = home.png; sourceTree = "<group>"; };
		B99AC5F41EC1D23100661294 /* home_selected.png */ = {isa = PBXFileReference; lastKnownFileType = image.png; path = home_selected.png; sourceTree = "<group>"; };
		B99AC5FA1EC1D4AA00661294 /* HomeVC.swift */ = {isa = PBXFileReference; fileEncoding = 4; lastKnownFileType = sourcecode.swift; path = HomeVC.swift; sourceTree = "<group>"; };
		B99AC5FB1EC1D4AA00661294 /* HomeVC.xib */ = {isa = PBXFileReference; fileEncoding = 4; lastKnownFileType = file.xib; path = HomeVC.xib; sourceTree = "<group>"; };
		B99AC5FF1EC1D4CE00661294 /* NewTopicVC.swift */ = {isa = PBXFileReference; fileEncoding = 4; lastKnownFileType = sourcecode.swift; path = NewTopicVC.swift; sourceTree = "<group>"; };
		B99AC6001EC1D4CE00661294 /* NewTopicVC.xib */ = {isa = PBXFileReference; fileEncoding = 4; lastKnownFileType = file.xib; path = NewTopicVC.xib; sourceTree = "<group>"; };
		B9A49D261EC423E6008091A7 /* User.swift */ = {isa = PBXFileReference; fileEncoding = 4; lastKnownFileType = sourcecode.swift; path = User.swift; sourceTree = "<group>"; };
		B9A49D281EC423F7008091A7 /* Topic.swift */ = {isa = PBXFileReference; fileEncoding = 4; lastKnownFileType = sourcecode.swift; path = Topic.swift; sourceTree = "<group>"; };
		B9A49D2A1EC42403008091A7 /* Comment.swift */ = {isa = PBXFileReference; fileEncoding = 4; lastKnownFileType = sourcecode.swift; path = Comment.swift; sourceTree = "<group>"; };
		B9AD51791EC44763000FE602 /* DateTransform.swift */ = {isa = PBXFileReference; fileEncoding = 4; lastKnownFileType = sourcecode.swift; path = DateTransform.swift; sourceTree = "<group>"; };
		B9AD517D1EC457A4000FE602 /* avatar2.jpg */ = {isa = PBXFileReference; lastKnownFileType = image.jpeg; path = avatar2.jpg; sourceTree = "<group>"; };
		B9AD517F1EC4583C000FE602 /* TopicList.swift */ = {isa = PBXFileReference; fileEncoding = 4; lastKnownFileType = sourcecode.swift; path = TopicList.swift; sourceTree = "<group>"; };
		B9AD51811EC4591C000FE602 /* DataManager.swift */ = {isa = PBXFileReference; fileEncoding = 4; lastKnownFileType = sourcecode.swift; path = DataManager.swift; sourceTree = "<group>"; };
		B9B2C1DA1EC5629E00ED4877 /* BaseViewController.swift */ = {isa = PBXFileReference; fileEncoding = 4; lastKnownFileType = sourcecode.swift; path = BaseViewController.swift; sourceTree = "<group>"; };
		B9B2C1DD1EC56B6000ED4877 /* fakeJson.txt */ = {isa = PBXFileReference; fileEncoding = 4; lastKnownFileType = text; path = fakeJson.txt; sourceTree = "<group>"; };
		B9B2C1DF1EC56B9400ED4877 /* fakeUser.txt */ = {isa = PBXFileReference; fileEncoding = 4; lastKnownFileType = text; path = fakeUser.txt; sourceTree = "<group>"; };
		B9B51CA91EC223B4001AED2B /* add_selected.png */ = {isa = PBXFileReference; lastKnownFileType = image.png; path = add_selected.png; sourceTree = "<group>"; };
		B9B51CAA1EC223B4001AED2B /* add.png */ = {isa = PBXFileReference; lastKnownFileType = image.png; path = add.png; sourceTree = "<group>"; };
		B9B51CAF1EC22A48001AED2B /* search.png */ = {isa = PBXFileReference; lastKnownFileType = image.png; path = search.png; sourceTree = "<group>"; };
		B9EEA8C31EC616A900631BFB /* CommentCell.swift */ = {isa = PBXFileReference; fileEncoding = 4; lastKnownFileType = sourcecode.swift; path = CommentCell.swift; sourceTree = "<group>"; };
		B9EEA8C41EC616A900631BFB /* CommentCell.xib */ = {isa = PBXFileReference; fileEncoding = 4; lastKnownFileType = file.xib; path = CommentCell.xib; sourceTree = "<group>"; };
		BFD96B930151636400114425 /* Pods-TopisTests.release.xcconfig */ = {isa = PBXFileReference; includeInIndex = 1; lastKnownFileType = text.xcconfig; name = "Pods-TopisTests.release.xcconfig"; path = "Pods/Target Support Files/Pods-TopisTests/Pods-TopisTests.release.xcconfig"; sourceTree = "<group>"; };
		EE600C1673B36A5939F4D9A1 /* Pods-Topis.release.xcconfig */ = {isa = PBXFileReference; includeInIndex = 1; lastKnownFileType = text.xcconfig; name = "Pods-Topis.release.xcconfig"; path = "Pods/Target Support Files/Pods-Topis/Pods-Topis.release.xcconfig"; sourceTree = "<group>"; };
/* End PBXFileReference section */

/* Begin PBXFrameworksBuildPhase section */
		B98B9DB51EC17A6000C8DF53 /* Frameworks */ = {
			isa = PBXFrameworksBuildPhase;
			buildActionMask = 2147483647;
			files = (
				EDFBB6876D2136B8D132CEEC /* Pods_Topis.framework in Frameworks */,
			);
			runOnlyForDeploymentPostprocessing = 0;
		};
		B98B9DC91EC17A6100C8DF53 /* Frameworks */ = {
			isa = PBXFrameworksBuildPhase;
			buildActionMask = 2147483647;
			files = (
				057A9CA8AEFECF09C6E75F8A /* Pods_TopisTests.framework in Frameworks */,
			);
			runOnlyForDeploymentPostprocessing = 0;
		};
		B98B9DD41EC17A6100C8DF53 /* Frameworks */ = {
			isa = PBXFrameworksBuildPhase;
			buildActionMask = 2147483647;
			files = (
				F7C1737FB15AD9F7BF505478 /* Pods_TopisUITests.framework in Frameworks */,
			);
			runOnlyForDeploymentPostprocessing = 0;
		};
/* End PBXFrameworksBuildPhase section */

/* Begin PBXGroup section */
		21981FDA729C40408A21AD0F /* Frameworks */ = {
			isa = PBXGroup;
			children = (
				81DF01E652F841E4527E5B92 /* Pods_Topis.framework */,
				8BDED02ADF71FDC06EF7CC37 /* Pods_TopisTests.framework */,
				72C526F0B26DB0F1E0A3FB62 /* Pods_TopisUITests.framework */,
			);
			name = Frameworks;
			sourceTree = "<group>";
		};
		B92550351EC5AEDD0059A57A /* Details */ = {
			isa = PBXGroup;
			children = (
				B9EEA8C21EC6168800631BFB /* Comments */,
				B925503B1EC5AF1B0059A57A /* DetailsVC.swift */,
				B925503C1EC5AF1B0059A57A /* DetailsVC.xib */,
				B92550451EC5C51A0059A57A /* DetailsView.swift */,
				B92550471EC5C5250059A57A /* DetailsView.xib */,
			);
			path = Details;
			sourceTree = "<group>";
		};
		B92550361EC5AEDD0059A57A /* Explore */ = {
			isa = PBXGroup;
			children = (
				B92550371EC5AF0E0059A57A /* ExploreVC.swift */,
				B92550381EC5AF0E0059A57A /* ExploreVC.xib */,
			);
			path = Explore;
			sourceTree = "<group>";
		};
		B987D0F41EC1C7D7003BFD23 /* Images */ = {
			isa = PBXGroup;
			children = (
				B92550431EC5BA7F0059A57A /* back.png */,
				B925503F1EC5B1140059A57A /* explore.png */,
				B9AD517D1EC457A4000FE602 /* avatar2.jpg */,
				B90280FE1EC306270097E80B /* avatar.jpg */,
				B90280F41EC2FB3B0097E80B /* comment.png */,
				B90280F51EC2FB3B0097E80B /* dislike-checked.png */,
				B90280F61EC2FB3B0097E80B /* dislike.png */,
				B90280F71EC2FB3B0097E80B /* like-checked.png */,
				B90280F81EC2FB3B0097E80B /* like.png */,
				B9B51CAF1EC22A48001AED2B /* search.png */,
				B9B51CA91EC223B4001AED2B /* add_selected.png */,
				B9B51CAA1EC223B4001AED2B /* add.png */,
				B99AC5F41EC1D23100661294 /* home_selected.png */,
				B99AC5F21EC1D12E00661294 /* home.png */,
			);
			path = Images;
			sourceTree = "<group>";
		};
		B98B9DAF1EC17A6000C8DF53 = {
			isa = PBXGroup;
			children = (
				B98B9DBA1EC17A6000C8DF53 /* Topis */,
				B98B9DCF1EC17A6100C8DF53 /* TopisTests */,
				B98B9DDA1EC17A6100C8DF53 /* TopisUITests */,
				B98B9DB91EC17A6000C8DF53 /* Products */,
				D9058FCBCAF296BFA8F447CC /* Pods */,
				21981FDA729C40408A21AD0F /* Frameworks */,
			);
			sourceTree = "<group>";
		};
		B98B9DB91EC17A6000C8DF53 /* Products */ = {
			isa = PBXGroup;
			children = (
				B98B9DB81EC17A6000C8DF53 /* Topis.app */,
				B98B9DCC1EC17A6100C8DF53 /* TopisTests.xctest */,
				B98B9DD71EC17A6100C8DF53 /* TopisUITests.xctest */,
			);
			name = Products;
			sourceTree = "<group>";
		};
		B98B9DBA1EC17A6000C8DF53 /* Topis */ = {
			isa = PBXGroup;
			children = (
				B98B9DE91EC17B1700C8DF53 /* Model */,
				B98B9DEA1EC17B1700C8DF53 /* Resources */,
				B98B9DEB1EC17B1700C8DF53 /* Utility */,
				B98B9DEC1EC17B1700C8DF53 /* View */,
				B98B9DED1EC17B1700C8DF53 /* ViewController */,
				B98B9DBB1EC17A6000C8DF53 /* AppDelegate.swift */,
				B98B9DBF1EC17A6000C8DF53 /* Main.storyboard */,
				B98B9DC21EC17A6000C8DF53 /* Assets.xcassets */,
				B98B9DC41EC17A6000C8DF53 /* LaunchScreen.storyboard */,
				B98B9DC71EC17A6000C8DF53 /* Info.plist */,
			);
			path = Topis;
			sourceTree = "<group>";
		};
		B98B9DCF1EC17A6100C8DF53 /* TopisTests */ = {
			isa = PBXGroup;
			children = (
				B98B9DD01EC17A6100C8DF53 /* TopisTests.swift */,
				B98B9DD21EC17A6100C8DF53 /* Info.plist */,
			);
			path = TopisTests;
			sourceTree = "<group>";
		};
		B98B9DDA1EC17A6100C8DF53 /* TopisUITests */ = {
			isa = PBXGroup;
			children = (
				B98B9DDB1EC17A6100C8DF53 /* TopisUITests.swift */,
				B98B9DDD1EC17A6100C8DF53 /* Info.plist */,
			);
			path = TopisUITests;
			sourceTree = "<group>";
		};
		B98B9DE91EC17B1700C8DF53 /* Model */ = {
			isa = PBXGroup;
			children = (
				B9A49D261EC423E6008091A7 /* User.swift */,
				B9A49D281EC423F7008091A7 /* Topic.swift */,
				B9A49D2A1EC42403008091A7 /* Comment.swift */,
				B9AD51791EC44763000FE602 /* DateTransform.swift */,
				B9AD517F1EC4583C000FE602 /* TopicList.swift */,
				B9AD51811EC4591C000FE602 /* DataManager.swift */,
			);
			path = Model;
			sourceTree = "<group>";
		};
		B98B9DEA1EC17B1700C8DF53 /* Resources */ = {
			isa = PBXGroup;
			children = (
				B9B2C1DC1EC56B6000ED4877 /* FakeData */,
				B987D0F41EC1C7D7003BFD23 /* Images */,
				B98B9DF41EC183AA00C8DF53 /* Fonts */,
			);
			path = Resources;
			sourceTree = "<group>";
		};
		B98B9DEB1EC17B1700C8DF53 /* Utility */ = {
			isa = PBXGroup;
			children = (
				B987D0EA1EC1C47C003BFD23 /* Utils.swift */,
				B987D0EE1EC1C4DF003BFD23 /* Extensions.swift */,
				B987D0F01EC1C553003BFD23 /* Constants.swift */,
			);
			path = Utility;
			sourceTree = "<group>";
		};
		B98B9DEC1EC17B1700C8DF53 /* View */ = {
			isa = PBXGroup;
			children = (
			);
			path = View;
			sourceTree = "<group>";
		};
		B98B9DED1EC17B1700C8DF53 /* ViewController */ = {
			isa = PBXGroup;
			children = (
				B92550351EC5AEDD0059A57A /* Details */,
				B92550361EC5AEDD0059A57A /* Explore */,
				B99AC5FE1EC1D4BA00661294 /* NewTopic */,
				B99AC5F91EC1D4AA00661294 /* Home */,
				B98B9DEE1EC17F5300C8DF53 /* TabBarController.swift */,
				B9B2C1DA1EC5629E00ED4877 /* BaseViewController.swift */,
			);
			path = ViewController;
			sourceTree = "<group>";
		};
		B98B9DF41EC183AA00C8DF53 /* Fonts */ = {
			isa = PBXGroup;
			children = (
				B98B9DF51EC183AA00C8DF53 /* Gotham-Black.otf */,
				B98B9DF61EC183AA00C8DF53 /* Gotham-BlackIta.otf */,
				B98B9DF71EC183AA00C8DF53 /* Gotham-Bold.otf */,
				B98B9DF81EC183AA00C8DF53 /* Gotham-BoldIta.otf */,
				B98B9DF91EC183AA00C8DF53 /* Gotham-Book.otf */,
				B98B9DFA1EC183AA00C8DF53 /* Gotham-BookIta.otf */,
				B98B9DFB1EC183AA00C8DF53 /* Gotham-Light.otf */,
				B98B9DFC1EC183AA00C8DF53 /* Gotham-LightIta.otf */,
				B98B9DFD1EC183AA00C8DF53 /* Gotham-Medium.otf */,
				B98B9DFE1EC183AA00C8DF53 /* Gotham-MediumIta.otf */,
				B98B9DFF1EC183AA00C8DF53 /* Gotham-Thin.otf */,
				B98B9E001EC183AA00C8DF53 /* Gotham-ThinIta.otf */,
				B98B9E011EC183AA00C8DF53 /* Gotham-Ultra.otf */,
				B98B9E021EC183AA00C8DF53 /* Gotham-UltraIta.otf */,
				B98B9E031EC183AA00C8DF53 /* Gotham-XLight.otf */,
				B98B9E041EC183AA00C8DF53 /* Gotham-XLightIta.otf */,
				B98B9E051EC183AA00C8DF53 /* JetExplorer.ttf */,
				B987D0F21EC1C572003BFD23 /* GothamFontName.swift */,
			);
			path = Fonts;
			sourceTree = "<group>";
		};
		B99AC5F91EC1D4AA00661294 /* Home */ = {
			isa = PBXGroup;
			children = (
				B99AC5FA1EC1D4AA00661294 /* HomeVC.swift */,
				B99AC5FB1EC1D4AA00661294 /* HomeVC.xib */,
				B964F2101EC2C51400431FE6 /* TopicCell.swift */,
				B964F2111EC2C51400431FE6 /* TopicCell.xib */,
			);
			path = Home;
			sourceTree = "<group>";
		};
		B99AC5FE1EC1D4BA00661294 /* NewTopic */ = {
			isa = PBXGroup;
			children = (
				B99AC5FF1EC1D4CE00661294 /* NewTopicVC.swift */,
				B99AC6001EC1D4CE00661294 /* NewTopicVC.xib */,
			);
			path = NewTopic;
			sourceTree = "<group>";
		};
		B9B2C1DC1EC56B6000ED4877 /* FakeData */ = {
			isa = PBXGroup;
			children = (
				B9B2C1DF1EC56B9400ED4877 /* fakeUser.txt */,
				B9B2C1DD1EC56B6000ED4877 /* fakeJson.txt */,
			);
			path = FakeData;
			sourceTree = "<group>";
		};
		B9EEA8C21EC6168800631BFB /* Comments */ = {
			isa = PBXGroup;
			children = (
				B9EEA8C31EC616A900631BFB /* CommentCell.swift */,
				B9EEA8C41EC616A900631BFB /* CommentCell.xib */,
			);
			name = Comments;
			sourceTree = "<group>";
		};
		D9058FCBCAF296BFA8F447CC /* Pods */ = {
			isa = PBXGroup;
			children = (
				10267D1A9B30AFDA5F6CF946 /* Pods-Topis.debug.xcconfig */,
				EE600C1673B36A5939F4D9A1 /* Pods-Topis.release.xcconfig */,
				0D43899CB0CEF8029C38B263 /* Pods-TopisTests.debug.xcconfig */,
				BFD96B930151636400114425 /* Pods-TopisTests.release.xcconfig */,
				5B76E67032E7E8541C7CFAB9 /* Pods-TopisUITests.debug.xcconfig */,
				2A87A74EF17B909A13206CA4 /* Pods-TopisUITests.release.xcconfig */,
			);
			name = Pods;
			sourceTree = "<group>";
		};
/* End PBXGroup section */

/* Begin PBXNativeTarget section */
		B98B9DB71EC17A6000C8DF53 /* Topis */ = {
			isa = PBXNativeTarget;
			buildConfigurationList = B98B9DE01EC17A6100C8DF53 /* Build configuration list for PBXNativeTarget "Topis" */;
			buildPhases = (
				9F781119DE13ED671F120863 /* [CP] Check Pods Manifest.lock */,
				B98B9DB41EC17A6000C8DF53 /* Sources */,
				B98B9DB51EC17A6000C8DF53 /* Frameworks */,
				B98B9DB61EC17A6000C8DF53 /* Resources */,
				50C7AB3E51EADA2D90C4B177 /* [CP] Embed Pods Frameworks */,
				FE04C561C313AC4E5CA57DF5 /* [CP] Copy Pods Resources */,
			);
			buildRules = (
			);
			dependencies = (
			);
			name = Topis;
			productName = Topis;
			productReference = B98B9DB81EC17A6000C8DF53 /* Topis.app */;
			productType = "com.apple.product-type.application";
		};
		B98B9DCB1EC17A6100C8DF53 /* TopisTests */ = {
			isa = PBXNativeTarget;
			buildConfigurationList = B98B9DE31EC17A6100C8DF53 /* Build configuration list for PBXNativeTarget "TopisTests" */;
			buildPhases = (
				B5E647A253BE8AD9A4AB11F4 /* [CP] Check Pods Manifest.lock */,
				B98B9DC81EC17A6100C8DF53 /* Sources */,
				B98B9DC91EC17A6100C8DF53 /* Frameworks */,
				B98B9DCA1EC17A6100C8DF53 /* Resources */,
				12C99C500FABADDF9F502FF9 /* [CP] Embed Pods Frameworks */,
				F9139A99354C48C584AFF26C /* [CP] Copy Pods Resources */,
			);
			buildRules = (
			);
			dependencies = (
				B98B9DCE1EC17A6100C8DF53 /* PBXTargetDependency */,
			);
			name = TopisTests;
			productName = TopisTests;
			productReference = B98B9DCC1EC17A6100C8DF53 /* TopisTests.xctest */;
			productType = "com.apple.product-type.bundle.unit-test";
		};
		B98B9DD61EC17A6100C8DF53 /* TopisUITests */ = {
			isa = PBXNativeTarget;
			buildConfigurationList = B98B9DE61EC17A6100C8DF53 /* Build configuration list for PBXNativeTarget "TopisUITests" */;
			buildPhases = (
				FE7816C6A4DD72A47415F103 /* [CP] Check Pods Manifest.lock */,
				B98B9DD31EC17A6100C8DF53 /* Sources */,
				B98B9DD41EC17A6100C8DF53 /* Frameworks */,
				B98B9DD51EC17A6100C8DF53 /* Resources */,
				284D699B503E299025BB6115 /* [CP] Copy Pods Resources */,
			);
			buildRules = (
			);
			dependencies = (
				B98B9DD91EC17A6100C8DF53 /* PBXTargetDependency */,
			);
			name = TopisUITests;
			productName = TopisUITests;
			productReference = B98B9DD71EC17A6100C8DF53 /* TopisUITests.xctest */;
			productType = "com.apple.product-type.bundle.ui-testing";
		};
/* End PBXNativeTarget section */

/* Begin PBXProject section */
		B98B9DB01EC17A6000C8DF53 /* Project object */ = {
			isa = PBXProject;
			attributes = {
				LastSwiftUpdateCheck = 0830;
				LastUpgradeCheck = 0830;
				ORGANIZATIONNAME = "Dzung Nguyen";
				TargetAttributes = {
					B98B9DB71EC17A6000C8DF53 = {
						CreatedOnToolsVersion = 8.3;
						DevelopmentTeam = CB7BJM62E3;
						ProvisioningStyle = Automatic;
					};
					B98B9DCB1EC17A6100C8DF53 = {
						CreatedOnToolsVersion = 8.3;
						DevelopmentTeam = CB7BJM62E3;
						ProvisioningStyle = Automatic;
						TestTargetID = B98B9DB71EC17A6000C8DF53;
					};
					B98B9DD61EC17A6100C8DF53 = {
						CreatedOnToolsVersion = 8.3;
						DevelopmentTeam = CB7BJM62E3;
						ProvisioningStyle = Automatic;
						TestTargetID = B98B9DB71EC17A6000C8DF53;
					};
				};
			};
			buildConfigurationList = B98B9DB31EC17A6000C8DF53 /* Build configuration list for PBXProject "Topis" */;
			compatibilityVersion = "Xcode 3.2";
			developmentRegion = English;
			hasScannedForEncodings = 0;
			knownRegions = (
				en,
				Base,
			);
			mainGroup = B98B9DAF1EC17A6000C8DF53;
			productRefGroup = B98B9DB91EC17A6000C8DF53 /* Products */;
			projectDirPath = "";
			projectRoot = "";
			targets = (
				B98B9DB71EC17A6000C8DF53 /* Topis */,
				B98B9DCB1EC17A6100C8DF53 /* TopisTests */,
				B98B9DD61EC17A6100C8DF53 /* TopisUITests */,
			);
		};
/* End PBXProject section */

/* Begin PBXResourcesBuildPhase section */
		B98B9DB61EC17A6000C8DF53 /* Resources */ = {
			isa = PBXResourcesBuildPhase;
			buildActionMask = 2147483647;
			files = (
				B98B9E121EC183AA00C8DF53 /* Gotham-Ultra.otf in Resources */,
				B9B51CB01EC22A48001AED2B /* search.png in Resources */,
				B99AC5FD1EC1D4AA00661294 /* HomeVC.xib in Resources */,
				B98B9DC61EC17A6000C8DF53 /* LaunchScreen.storyboard in Resources */,
				B925503A1EC5AF0E0059A57A /* ExploreVC.xib in Resources */,
				B99AC5F31EC1D12E00661294 /* home.png in Resources */,
				B98B9E0E1EC183AA00C8DF53 /* Gotham-Medium.otf in Resources */,
				B98B9E081EC183AA00C8DF53 /* Gotham-Bold.otf in Resources */,
				B90280FB1EC2FB3B0097E80B /* dislike.png in Resources */,
				B98B9DC31EC17A6000C8DF53 /* Assets.xcassets in Resources */,
				B98B9E151EC183AA00C8DF53 /* Gotham-XLightIta.otf in Resources */,
				B9EEA8C61EC616A900631BFB /* CommentCell.xib in Resources */,
				B98B9E141EC183AA00C8DF53 /* Gotham-XLight.otf in Resources */,
				B9AD517E1EC457A4000FE602 /* avatar2.jpg in Resources */,
				B92550401EC5B1140059A57A /* explore.png in Resources */,
				B99AC6021EC1D4CE00661294 /* NewTopicVC.xib in Resources */,
				B92550441EC5BA7F0059A57A /* back.png in Resources */,
				B90280F91EC2FB3B0097E80B /* comment.png in Resources */,
				B98B9E0F1EC183AA00C8DF53 /* Gotham-MediumIta.otf in Resources */,
				B98B9E131EC183AA00C8DF53 /* Gotham-UltraIta.otf in Resources */,
				B925503E1EC5AF1B0059A57A /* DetailsVC.xib in Resources */,
				B98B9E101EC183AA00C8DF53 /* Gotham-Thin.otf in Resources */,
				B98B9E111EC183AA00C8DF53 /* Gotham-ThinIta.otf in Resources */,
				B98B9E061EC183AA00C8DF53 /* Gotham-Black.otf in Resources */,
				B92550481EC5C5250059A57A /* DetailsView.xib in Resources */,
				B98B9E161EC183AA00C8DF53 /* JetExplorer.ttf in Resources */,
				B964F2131EC2C51400431FE6 /* TopicCell.xib in Resources */,
				B9B51CAB1EC223B4001AED2B /* add_selected.png in Resources */,
				B9B2C1DE1EC56B6000ED4877 /* fakeJson.txt in Resources */,
				B98B9E091EC183AA00C8DF53 /* Gotham-BoldIta.otf in Resources */,
				B9B2C1E01EC56B9400ED4877 /* fakeUser.txt in Resources */,
				B98B9E0A1EC183AA00C8DF53 /* Gotham-Book.otf in Resources */,
				B98B9E0C1EC183AA00C8DF53 /* Gotham-Light.otf in Resources */,
				B98B9E071EC183AA00C8DF53 /* Gotham-BlackIta.otf in Resources */,
				B99AC5F51EC1D23100661294 /* home_selected.png in Resources */,
				B98B9E0D1EC183AA00C8DF53 /* Gotham-LightIta.otf in Resources */,
				B98B9DC11EC17A6000C8DF53 /* Main.storyboard in Resources */,
				B90280FC1EC2FB3B0097E80B /* like-checked.png in Resources */,
				B90280FA1EC2FB3B0097E80B /* dislike-checked.png in Resources */,
				B98B9E0B1EC183AA00C8DF53 /* Gotham-BookIta.otf in Resources */,
				B9B51CAC1EC223B4001AED2B /* add.png in Resources */,
				B90280FF1EC306270097E80B /* avatar.jpg in Resources */,
				B90280FD1EC2FB3B0097E80B /* like.png in Resources */,
			);
			runOnlyForDeploymentPostprocessing = 0;
		};
		B98B9DCA1EC17A6100C8DF53 /* Resources */ = {
			isa = PBXResourcesBuildPhase;
			buildActionMask = 2147483647;
			files = (
			);
			runOnlyForDeploymentPostprocessing = 0;
		};
		B98B9DD51EC17A6100C8DF53 /* Resources */ = {
			isa = PBXResourcesBuildPhase;
			buildActionMask = 2147483647;
			files = (
			);
			runOnlyForDeploymentPostprocessing = 0;
		};
/* End PBXResourcesBuildPhase section */

/* Begin PBXShellScriptBuildPhase section */
		12C99C500FABADDF9F502FF9 /* [CP] Embed Pods Frameworks */ = {
			isa = PBXShellScriptBuildPhase;
			buildActionMask = 2147483647;
			files = (
			);
			inputPaths = (
			);
			name = "[CP] Embed Pods Frameworks";
			outputPaths = (
			);
			runOnlyForDeploymentPostprocessing = 0;
			shellPath = /bin/sh;
			shellScript = "\"${SRCROOT}/Pods/Target Support Files/Pods-TopisTests/Pods-TopisTests-frameworks.sh\"\n";
			showEnvVarsInLog = 0;
		};
		284D699B503E299025BB6115 /* [CP] Copy Pods Resources */ = {
			isa = PBXShellScriptBuildPhase;
			buildActionMask = 2147483647;
			files = (
			);
			inputPaths = (
			);
			name = "[CP] Copy Pods Resources";
			outputPaths = (
			);
			runOnlyForDeploymentPostprocessing = 0;
			shellPath = /bin/sh;
			shellScript = "\"${SRCROOT}/Pods/Target Support Files/Pods-TopisUITests/Pods-TopisUITests-resources.sh\"\n";
			showEnvVarsInLog = 0;
		};
		50C7AB3E51EADA2D90C4B177 /* [CP] Embed Pods Frameworks */ = {
			isa = PBXShellScriptBuildPhase;
			buildActionMask = 2147483647;
			files = (
			);
			inputPaths = (
			);
			name = "[CP] Embed Pods Frameworks";
			outputPaths = (
			);
			runOnlyForDeploymentPostprocessing = 0;
			shellPath = /bin/sh;
			shellScript = "\"${SRCROOT}/Pods/Target Support Files/Pods-Topis/Pods-Topis-frameworks.sh\"\n";
			showEnvVarsInLog = 0;
		};
		9F781119DE13ED671F120863 /* [CP] Check Pods Manifest.lock */ = {
			isa = PBXShellScriptBuildPhase;
			buildActionMask = 2147483647;
			files = (
			);
			inputPaths = (
			);
			name = "[CP] Check Pods Manifest.lock";
			outputPaths = (
			);
			runOnlyForDeploymentPostprocessing = 0;
			shellPath = /bin/sh;
			shellScript = "diff \"${PODS_ROOT}/../Podfile.lock\" \"${PODS_ROOT}/Manifest.lock\" > /dev/null\nif [[ $? != 0 ]] ; then\n    cat << EOM\nerror: The sandbox is not in sync with the Podfile.lock. Run 'pod install' or update your CocoaPods installation.\nEOM\n    exit 1\nfi\n";
			showEnvVarsInLog = 0;
		};
		B5E647A253BE8AD9A4AB11F4 /* [CP] Check Pods Manifest.lock */ = {
			isa = PBXShellScriptBuildPhase;
			buildActionMask = 2147483647;
			files = (
			);
			inputPaths = (
			);
			name = "[CP] Check Pods Manifest.lock";
			outputPaths = (
			);
			runOnlyForDeploymentPostprocessing = 0;
			shellPath = /bin/sh;
			shellScript = "diff \"${PODS_ROOT}/../Podfile.lock\" \"${PODS_ROOT}/Manifest.lock\" > /dev/null\nif [[ $? != 0 ]] ; then\n    cat << EOM\nerror: The sandbox is not in sync with the Podfile.lock. Run 'pod install' or update your CocoaPods installation.\nEOM\n    exit 1\nfi\n";
			showEnvVarsInLog = 0;
		};
		F9139A99354C48C584AFF26C /* [CP] Copy Pods Resources */ = {
			isa = PBXShellScriptBuildPhase;
			buildActionMask = 2147483647;
			files = (
			);
			inputPaths = (
			);
			name = "[CP] Copy Pods Resources";
			outputPaths = (
			);
			runOnlyForDeploymentPostprocessing = 0;
			shellPath = /bin/sh;
			shellScript = "\"${SRCROOT}/Pods/Target Support Files/Pods-TopisTests/Pods-TopisTests-resources.sh\"\n";
			showEnvVarsInLog = 0;
		};
		FE04C561C313AC4E5CA57DF5 /* [CP] Copy Pods Resources */ = {
			isa = PBXShellScriptBuildPhase;
			buildActionMask = 2147483647;
			files = (
			);
			inputPaths = (
			);
			name = "[CP] Copy Pods Resources";
			outputPaths = (
			);
			runOnlyForDeploymentPostprocessing = 0;
			shellPath = /bin/sh;
			shellScript = "\"${SRCROOT}/Pods/Target Support Files/Pods-Topis/Pods-Topis-resources.sh\"\n";
			showEnvVarsInLog = 0;
		};
		FE7816C6A4DD72A47415F103 /* [CP] Check Pods Manifest.lock */ = {
			isa = PBXShellScriptBuildPhase;
			buildActionMask = 2147483647;
			files = (
			);
			inputPaths = (
			);
			name = "[CP] Check Pods Manifest.lock";
			outputPaths = (
			);
			runOnlyForDeploymentPostprocessing = 0;
			shellPath = /bin/sh;
			shellScript = "diff \"${PODS_ROOT}/../Podfile.lock\" \"${PODS_ROOT}/Manifest.lock\" > /dev/null\nif [[ $? != 0 ]] ; then\n    cat << EOM\nerror: The sandbox is not in sync with the Podfile.lock. Run 'pod install' or update your CocoaPods installation.\nEOM\n    exit 1\nfi\n";
			showEnvVarsInLog = 0;
		};
/* End PBXShellScriptBuildPhase section */

/* Begin PBXSourcesBuildPhase section */
		B98B9DB41EC17A6000C8DF53 /* Sources */ = {
			isa = PBXSourcesBuildPhase;
			buildActionMask = 2147483647;
			files = (
				B98B9DEF1EC17F5300C8DF53 /* TabBarController.swift in Sources */,
				B92550461EC5C51A0059A57A /* DetailsView.swift in Sources */,
				B9AD51821EC4591C000FE602 /* DataManager.swift in Sources */,
				B99AC5FC1EC1D4AA00661294 /* HomeVC.swift in Sources */,
				B9A49D291EC423F7008091A7 /* Topic.swift in Sources */,
				B987D0EF1EC1C4DF003BFD23 /* Extensions.swift in Sources */,
				B987D0EB1EC1C47C003BFD23 /* Utils.swift in Sources */,
				B98B9DBC1EC17A6000C8DF53 /* AppDelegate.swift in Sources */,
				B9AD517A1EC44763000FE602 /* DateTransform.swift in Sources */,
				B987D0F11EC1C553003BFD23 /* Constants.swift in Sources */,
				B9A49D2B1EC42403008091A7 /* Comment.swift in Sources */,
				B987D0F31EC1C572003BFD23 /* GothamFontName.swift in Sources */,
				B964F2121EC2C51400431FE6 /* TopicCell.swift in Sources */,
				B9AD51801EC4583C000FE602 /* TopicList.swift in Sources */,
				B925503D1EC5AF1B0059A57A /* DetailsVC.swift in Sources */,
				B9EEA8C51EC616A900631BFB /* CommentCell.swift in Sources */,
				B9B2C1DB1EC5629E00ED4877 /* BaseViewController.swift in Sources */,
				B92550391EC5AF0E0059A57A /* ExploreVC.swift in Sources */,
				B9A49D271EC423E6008091A7 /* User.swift in Sources */,
				B99AC6011EC1D4CE00661294 /* NewTopicVC.swift in Sources */,
			);
			runOnlyForDeploymentPostprocessing = 0;
		};
		B98B9DC81EC17A6100C8DF53 /* Sources */ = {
			isa = PBXSourcesBuildPhase;
			buildActionMask = 2147483647;
			files = (
				B98B9DD11EC17A6100C8DF53 /* TopisTests.swift in Sources */,
			);
			runOnlyForDeploymentPostprocessing = 0;
		};
		B98B9DD31EC17A6100C8DF53 /* Sources */ = {
			isa = PBXSourcesBuildPhase;
			buildActionMask = 2147483647;
			files = (
				B98B9DDC1EC17A6100C8DF53 /* TopisUITests.swift in Sources */,
			);
			runOnlyForDeploymentPostprocessing = 0;
		};
/* End PBXSourcesBuildPhase section */

/* Begin PBXTargetDependency section */
		B98B9DCE1EC17A6100C8DF53 /* PBXTargetDependency */ = {
			isa = PBXTargetDependency;
			target = B98B9DB71EC17A6000C8DF53 /* Topis */;
			targetProxy = B98B9DCD1EC17A6100C8DF53 /* PBXContainerItemProxy */;
		};
		B98B9DD91EC17A6100C8DF53 /* PBXTargetDependency */ = {
			isa = PBXTargetDependency;
			target = B98B9DB71EC17A6000C8DF53 /* Topis */;
			targetProxy = B98B9DD81EC17A6100C8DF53 /* PBXContainerItemProxy */;
		};
/* End PBXTargetDependency section */

/* Begin PBXVariantGroup section */
		B98B9DBF1EC17A6000C8DF53 /* Main.storyboard */ = {
			isa = PBXVariantGroup;
			children = (
				B98B9DC01EC17A6000C8DF53 /* Base */,
			);
			name = Main.storyboard;
			sourceTree = "<group>";
		};
		B98B9DC41EC17A6000C8DF53 /* LaunchScreen.storyboard */ = {
			isa = PBXVariantGroup;
			children = (
				B98B9DC51EC17A6000C8DF53 /* Base */,
			);
			name = LaunchScreen.storyboard;
			sourceTree = "<group>";
		};
/* End PBXVariantGroup section */

/* Begin XCBuildConfiguration section */
		B98B9DDE1EC17A6100C8DF53 /* Debug */ = {
			isa = XCBuildConfiguration;
			buildSettings = {
				ALWAYS_SEARCH_USER_PATHS = NO;
				CLANG_ANALYZER_NONNULL = YES;
				CLANG_ANALYZER_NUMBER_OBJECT_CONVERSION = YES_AGGRESSIVE;
				CLANG_CXX_LANGUAGE_STANDARD = "gnu++0x";
				CLANG_CXX_LIBRARY = "libc++";
				CLANG_ENABLE_MODULES = YES;
				CLANG_ENABLE_OBJC_ARC = YES;
				CLANG_WARN_BOOL_CONVERSION = YES;
				CLANG_WARN_CONSTANT_CONVERSION = YES;
				CLANG_WARN_DIRECT_OBJC_ISA_USAGE = YES_ERROR;
				CLANG_WARN_DOCUMENTATION_COMMENTS = YES;
				CLANG_WARN_EMPTY_BODY = YES;
				CLANG_WARN_ENUM_CONVERSION = YES;
				CLANG_WARN_INFINITE_RECURSION = YES;
				CLANG_WARN_INT_CONVERSION = YES;
				CLANG_WARN_OBJC_ROOT_CLASS = YES_ERROR;
				CLANG_WARN_SUSPICIOUS_MOVE = YES;
				CLANG_WARN_UNREACHABLE_CODE = YES;
				CLANG_WARN__DUPLICATE_METHOD_MATCH = YES;
				"CODE_SIGN_IDENTITY[sdk=iphoneos*]" = "iPhone Developer";
				COPY_PHASE_STRIP = NO;
				DEBUG_INFORMATION_FORMAT = dwarf;
				ENABLE_STRICT_OBJC_MSGSEND = YES;
				ENABLE_TESTABILITY = YES;
				GCC_C_LANGUAGE_STANDARD = gnu99;
				GCC_DYNAMIC_NO_PIC = NO;
				GCC_NO_COMMON_BLOCKS = YES;
				GCC_OPTIMIZATION_LEVEL = 0;
				GCC_PREPROCESSOR_DEFINITIONS = (
					"DEBUG=1",
					"$(inherited)",
				);
				GCC_WARN_64_TO_32_BIT_CONVERSION = YES;
				GCC_WARN_ABOUT_RETURN_TYPE = YES_ERROR;
				GCC_WARN_UNDECLARED_SELECTOR = YES;
				GCC_WARN_UNINITIALIZED_AUTOS = YES_AGGRESSIVE;
				GCC_WARN_UNUSED_FUNCTION = YES;
				GCC_WARN_UNUSED_VARIABLE = YES;
				IPHONEOS_DEPLOYMENT_TARGET = 10.3;
				MTL_ENABLE_DEBUG_INFO = YES;
				ONLY_ACTIVE_ARCH = YES;
				SDKROOT = iphoneos;
				SWIFT_ACTIVE_COMPILATION_CONDITIONS = DEBUG;
				SWIFT_OPTIMIZATION_LEVEL = "-Onone";
			};
			name = Debug;
		};
		B98B9DDF1EC17A6100C8DF53 /* Release */ = {
			isa = XCBuildConfiguration;
			buildSettings = {
				ALWAYS_SEARCH_USER_PATHS = NO;
				CLANG_ANALYZER_NONNULL = YES;
				CLANG_ANALYZER_NUMBER_OBJECT_CONVERSION = YES_AGGRESSIVE;
				CLANG_CXX_LANGUAGE_STANDARD = "gnu++0x";
				CLANG_CXX_LIBRARY = "libc++";
				CLANG_ENABLE_MODULES = YES;
				CLANG_ENABLE_OBJC_ARC = YES;
				CLANG_WARN_BOOL_CONVERSION = YES;
				CLANG_WARN_CONSTANT_CONVERSION = YES;
				CLANG_WARN_DIRECT_OBJC_ISA_USAGE = YES_ERROR;
				CLANG_WARN_DOCUMENTATION_COMMENTS = YES;
				CLANG_WARN_EMPTY_BODY = YES;
				CLANG_WARN_ENUM_CONVERSION = YES;
				CLANG_WARN_INFINITE_RECURSION = YES;
				CLANG_WARN_INT_CONVERSION = YES;
				CLANG_WARN_OBJC_ROOT_CLASS = YES_ERROR;
				CLANG_WARN_SUSPICIOUS_MOVE = YES;
				CLANG_WARN_UNREACHABLE_CODE = YES;
				CLANG_WARN__DUPLICATE_METHOD_MATCH = YES;
				"CODE_SIGN_IDENTITY[sdk=iphoneos*]" = "iPhone Developer";
				COPY_PHASE_STRIP = NO;
				DEBUG_INFORMATION_FORMAT = "dwarf-with-dsym";
				ENABLE_NS_ASSERTIONS = NO;
				ENABLE_STRICT_OBJC_MSGSEND = YES;
				GCC_C_LANGUAGE_STANDARD = gnu99;
				GCC_NO_COMMON_BLOCKS = YES;
				GCC_WARN_64_TO_32_BIT_CONVERSION = YES;
				GCC_WARN_ABOUT_RETURN_TYPE = YES_ERROR;
				GCC_WARN_UNDECLARED_SELECTOR = YES;
				GCC_WARN_UNINITIALIZED_AUTOS = YES_AGGRESSIVE;
				GCC_WARN_UNUSED_FUNCTION = YES;
				GCC_WARN_UNUSED_VARIABLE = YES;
				IPHONEOS_DEPLOYMENT_TARGET = 10.3;
				MTL_ENABLE_DEBUG_INFO = NO;
				SDKROOT = iphoneos;
				SWIFT_OPTIMIZATION_LEVEL = "-Owholemodule";
				VALIDATE_PRODUCT = YES;
			};
			name = Release;
		};
		B98B9DE11EC17A6100C8DF53 /* Debug */ = {
			isa = XCBuildConfiguration;
			baseConfigurationReference = 10267D1A9B30AFDA5F6CF946 /* Pods-Topis.debug.xcconfig */;
			buildSettings = {
				ASSETCATALOG_COMPILER_APPICON_NAME = AppIcon;
				DEVELOPMENT_TEAM = CB7BJM62E3;
				INFOPLIST_FILE = Topis/Info.plist;
				LD_RUNPATH_SEARCH_PATHS = "$(inherited) @executable_path/Frameworks";
				PRODUCT_BUNDLE_IDENTIFIER = com.dz.ios.Topis;
				PRODUCT_NAME = "$(TARGET_NAME)";
				SWIFT_VERSION = 3.0;
			};
			name = Debug;
		};
		B98B9DE21EC17A6100C8DF53 /* Release */ = {
			isa = XCBuildConfiguration;
			baseConfigurationReference = EE600C1673B36A5939F4D9A1 /* Pods-Topis.release.xcconfig */;
			buildSettings = {
				ASSETCATALOG_COMPILER_APPICON_NAME = AppIcon;
				DEVELOPMENT_TEAM = CB7BJM62E3;
				INFOPLIST_FILE = Topis/Info.plist;
				LD_RUNPATH_SEARCH_PATHS = "$(inherited) @executable_path/Frameworks";
				PRODUCT_BUNDLE_IDENTIFIER = com.dz.ios.Topis;
				PRODUCT_NAME = "$(TARGET_NAME)";
				SWIFT_VERSION = 3.0;
			};
			name = Release;
		};
		B98B9DE41EC17A6100C8DF53 /* Debug */ = {
			isa = XCBuildConfiguration;
			baseConfigurationReference = 0D43899CB0CEF8029C38B263 /* Pods-TopisTests.debug.xcconfig */;
			buildSettings = {
				ALWAYS_EMBED_SWIFT_STANDARD_LIBRARIES = YES;
				BUNDLE_LOADER = "$(TEST_HOST)";
				DEVELOPMENT_TEAM = CB7BJM62E3;
				INFOPLIST_FILE = TopisTests/Info.plist;
				LD_RUNPATH_SEARCH_PATHS = "$(inherited) @executable_path/Frameworks @loader_path/Frameworks";
				PRODUCT_BUNDLE_IDENTIFIER = com.dz.ios.TopisTests;
				PRODUCT_NAME = "$(TARGET_NAME)";
				SWIFT_VERSION = 3.0;
				TEST_HOST = "$(BUILT_PRODUCTS_DIR)/Topis.app/Topis";
			};
			name = Debug;
		};
		B98B9DE51EC17A6100C8DF53 /* Release */ = {
			isa = XCBuildConfiguration;
			baseConfigurationReference = BFD96B930151636400114425 /* Pods-TopisTests.release.xcconfig */;
			buildSettings = {
				ALWAYS_EMBED_SWIFT_STANDARD_LIBRARIES = YES;
				BUNDLE_LOADER = "$(TEST_HOST)";
				DEVELOPMENT_TEAM = CB7BJM62E3;
				INFOPLIST_FILE = TopisTests/Info.plist;
				LD_RUNPATH_SEARCH_PATHS = "$(inherited) @executable_path/Frameworks @loader_path/Frameworks";
				PRODUCT_BUNDLE_IDENTIFIER = com.dz.ios.TopisTests;
				PRODUCT_NAME = "$(TARGET_NAME)";
				SWIFT_VERSION = 3.0;
				TEST_HOST = "$(BUILT_PRODUCTS_DIR)/Topis.app/Topis";
			};
			name = Release;
		};
		B98B9DE71EC17A6100C8DF53 /* Debug */ = {
			isa = XCBuildConfiguration;
			baseConfigurationReference = 5B76E67032E7E8541C7CFAB9 /* Pods-TopisUITests.debug.xcconfig */;
			buildSettings = {
				ALWAYS_EMBED_SWIFT_STANDARD_LIBRARIES = YES;
				DEVELOPMENT_TEAM = CB7BJM62E3;
				INFOPLIST_FILE = TopisUITests/Info.plist;
				LD_RUNPATH_SEARCH_PATHS = "$(inherited) @executable_path/Frameworks @loader_path/Frameworks";
				PRODUCT_BUNDLE_IDENTIFIER = com.dz.ios.TopisUITests;
				PRODUCT_NAME = "$(TARGET_NAME)";
				SWIFT_VERSION = 3.0;
				TEST_TARGET_NAME = Topis;
			};
			name = Debug;
		};
		B98B9DE81EC17A6100C8DF53 /* Release */ = {
			isa = XCBuildConfiguration;
			baseConfigurationReference = 2A87A74EF17B909A13206CA4 /* Pods-TopisUITests.release.xcconfig */;
			buildSettings = {
				ALWAYS_EMBED_SWIFT_STANDARD_LIBRARIES = YES;
				DEVELOPMENT_TEAM = CB7BJM62E3;
				INFOPLIST_FILE = TopisUITests/Info.plist;
				LD_RUNPATH_SEARCH_PATHS = "$(inherited) @executable_path/Frameworks @loader_path/Frameworks";
				PRODUCT_BUNDLE_IDENTIFIER = com.dz.ios.TopisUITests;
				PRODUCT_NAME = "$(TARGET_NAME)";
				SWIFT_VERSION = 3.0;
				TEST_TARGET_NAME = Topis;
			};
			name = Release;
		};
/* End XCBuildConfiguration section */

/* Begin XCConfigurationList section */
		B98B9DB31EC17A6000C8DF53 /* Build configuration list for PBXProject "Topis" */ = {
			isa = XCConfigurationList;
			buildConfigurations = (
				B98B9DDE1EC17A6100C8DF53 /* Debug */,
				B98B9DDF1EC17A6100C8DF53 /* Release */,
			);
			defaultConfigurationIsVisible = 0;
			defaultConfigurationName = Release;
		};
		B98B9DE01EC17A6100C8DF53 /* Build configuration list for PBXNativeTarget "Topis" */ = {
			isa = XCConfigurationList;
			buildConfigurations = (
				B98B9DE11EC17A6100C8DF53 /* Debug */,
				B98B9DE21EC17A6100C8DF53 /* Release */,
			);
			defaultConfigurationIsVisible = 0;
			defaultConfigurationName = Release;
		};
		B98B9DE31EC17A6100C8DF53 /* Build configuration list for PBXNativeTarget "TopisTests" */ = {
			isa = XCConfigurationList;
			buildConfigurations = (
				B98B9DE41EC17A6100C8DF53 /* Debug */,
				B98B9DE51EC17A6100C8DF53 /* Release */,
			);
			defaultConfigurationIsVisible = 0;
			defaultConfigurationName = Release;
		};
		B98B9DE61EC17A6100C8DF53 /* Build configuration list for PBXNativeTarget "TopisUITests" */ = {
			isa = XCConfigurationList;
			buildConfigurations = (
				B98B9DE71EC17A6100C8DF53 /* Debug */,
				B98B9DE81EC17A6100C8DF53 /* Release */,
			);
			defaultConfigurationIsVisible = 0;
			defaultConfigurationName = Release;
		};
/* End XCConfigurationList section */
	};
	rootObject = B98B9DB01EC17A6000C8DF53 /* Project object */;
}
